
Microsoft Visual Studio Solution File, Format Version 12.00
# Visual Studio Version 17
VisualStudioVersion = 17.5.33424.131
MinimumVisualStudioVersion = 10.0.40219.1
Project("{9A19103F-16F7-4668-BE54-9A1E7A4F7556}") = "Core", "Core\Core.csproj", "{2FBF183A-5654-484C-8F60-6D6A1EA2F75C}"
EndProject
Project("{9A19103F-16F7-4668-BE54-9A1E7A4F7556}") = "WebService", "WebService\WebService.csproj", "{2FD09829-C865-4CFF-BD3E-557FAA1CD3C4}"
EndProject
Project("{9A19103F-16F7-4668-BE54-9A1E7A4F7556}") = "CoreTests", "CoreTests\CoreTests.csproj", "{902C447E-38D6-4EA3-97DF-05CD5B8E7C7F}"
EndProject
Project("{2150E333-8FDC-42A3-9474-1A3956D46DE8}") = "Solution Items", "Solution Items", "{EB470CC0-FED5-477D-9FEF-318DA01EAA81}"
	ProjectSection(SolutionItems) = preProject
		.editorconfig = .editorconfig
		.gitignore = .gitignore
		.github\workflows\Vérifications.yml = .github\workflows\Vérifications.yml
	EndProjectSection
EndProject
Project("{9A19103F-16F7-4668-BE54-9A1E7A4F7556}") = "External", "External\External.csproj", "{0091163D-F909-442C-9397-859D8E069322}"
EndProject
Project("{9A19103F-16F7-4668-BE54-9A1E7A4F7556}") = "Fake", "Fake\Fake.csproj", "{C2F60092-E6D7-41D0-9903-A5EE953EAAD8}"
EndProject
Project("{FAE04EC0-301F-11D3-BF4B-00C04F79EFBC}") = "KiwiQuery.Mapped", "KiwiQuery\KiwiQuery.Mapped\KiwiQuery.Mapped.csproj", "{F9F0A039-621F-44BA-BE3A-EDA0A1690EBB}"
EndProject
Project("{FAE04EC0-301F-11D3-BF4B-00C04F79EFBC}") = "KiwiQuery", "KiwiQuery\KiwiQuery\KiwiQuery.csproj", "{AB95D438-12FE-48A2-BABF-2639BF81341B}"
EndProject
Global
	GlobalSection(SolutionConfigurationPlatforms) = preSolution
		Debug|Any CPU = Debug|Any CPU
		Release|Any CPU = Release|Any CPU
		Test|Any CPU = Test|Any CPU
	EndGlobalSection
	GlobalSection(ProjectConfigurationPlatforms) = postSolution
		{2FBF183A-5654-484C-8F60-6D6A1EA2F75C}.Debug|Any CPU.ActiveCfg = Debug|Any CPU
		{2FBF183A-5654-484C-8F60-6D6A1EA2F75C}.Debug|Any CPU.Build.0 = Debug|Any CPU
		{2FBF183A-5654-484C-8F60-6D6A1EA2F75C}.Release|Any CPU.ActiveCfg = Release|Any CPU
		{2FBF183A-5654-484C-8F60-6D6A1EA2F75C}.Release|Any CPU.Build.0 = Release|Any CPU
		{2FBF183A-5654-484C-8F60-6D6A1EA2F75C}.Test|Any CPU.ActiveCfg = Debug|Any CPU
		{2FBF183A-5654-484C-8F60-6D6A1EA2F75C}.Test|Any CPU.Build.0 = Debug|Any CPU
		{2FD09829-C865-4CFF-BD3E-557FAA1CD3C4}.Debug|Any CPU.ActiveCfg = Debug|Any CPU
		{2FD09829-C865-4CFF-BD3E-557FAA1CD3C4}.Debug|Any CPU.Build.0 = Debug|Any CPU
		{2FD09829-C865-4CFF-BD3E-557FAA1CD3C4}.Release|Any CPU.ActiveCfg = Release|Any CPU
		{2FD09829-C865-4CFF-BD3E-557FAA1CD3C4}.Release|Any CPU.Build.0 = Release|Any CPU
		{2FD09829-C865-4CFF-BD3E-557FAA1CD3C4}.Test|Any CPU.ActiveCfg = Test|Any CPU
		{2FD09829-C865-4CFF-BD3E-557FAA1CD3C4}.Test|Any CPU.Build.0 = Test|Any CPU
		{902C447E-38D6-4EA3-97DF-05CD5B8E7C7F}.Debug|Any CPU.ActiveCfg = Debug|Any CPU
		{902C447E-38D6-4EA3-97DF-05CD5B8E7C7F}.Debug|Any CPU.Build.0 = Debug|Any CPU
		{902C447E-38D6-4EA3-97DF-05CD5B8E7C7F}.Release|Any CPU.ActiveCfg = Release|Any CPU
		{902C447E-38D6-4EA3-97DF-05CD5B8E7C7F}.Release|Any CPU.Build.0 = Release|Any CPU
		{902C447E-38D6-4EA3-97DF-05CD5B8E7C7F}.Test|Any CPU.ActiveCfg = Debug|Any CPU
		{902C447E-38D6-4EA3-97DF-05CD5B8E7C7F}.Test|Any CPU.Build.0 = Debug|Any CPU
		{0091163D-F909-442C-9397-859D8E069322}.Debug|Any CPU.ActiveCfg = Debug|Any CPU
		{0091163D-F909-442C-9397-859D8E069322}.Debug|Any CPU.Build.0 = Debug|Any CPU
		{0091163D-F909-442C-9397-859D8E069322}.Release|Any CPU.ActiveCfg = Release|Any CPU
		{0091163D-F909-442C-9397-859D8E069322}.Release|Any CPU.Build.0 = Release|Any CPU
		{0091163D-F909-442C-9397-859D8E069322}.Test|Any CPU.ActiveCfg = Debug|Any CPU
		{0091163D-F909-442C-9397-859D8E069322}.Test|Any CPU.Build.0 = Debug|Any CPU
		{C2F60092-E6D7-41D0-9903-A5EE953EAAD8}.Debug|Any CPU.ActiveCfg = Debug|Any CPU
		{C2F60092-E6D7-41D0-9903-A5EE953EAAD8}.Debug|Any CPU.Build.0 = Debug|Any CPU
		{C2F60092-E6D7-41D0-9903-A5EE953EAAD8}.Release|Any CPU.ActiveCfg = Release|Any CPU
		{C2F60092-E6D7-41D0-9903-A5EE953EAAD8}.Release|Any CPU.Build.0 = Release|Any CPU
		{C2F60092-E6D7-41D0-9903-A5EE953EAAD8}.Test|Any CPU.ActiveCfg = Debug|Any CPU
		{C2F60092-E6D7-41D0-9903-A5EE953EAAD8}.Test|Any CPU.Build.0 = Debug|Any CPU
		{F9F0A039-621F-44BA-BE3A-EDA0A1690EBB}.Debug|Any CPU.ActiveCfg = Debug|Any CPU
		{F9F0A039-621F-44BA-BE3A-EDA0A1690EBB}.Debug|Any CPU.Build.0 = Debug|Any CPU
		{F9F0A039-621F-44BA-BE3A-EDA0A1690EBB}.Release|Any CPU.ActiveCfg = Release|Any CPU
		{F9F0A039-621F-44BA-BE3A-EDA0A1690EBB}.Release|Any CPU.Build.0 = Release|Any CPU
		{F9F0A039-621F-44BA-BE3A-EDA0A1690EBB}.Test|Any CPU.ActiveCfg = Debug|Any CPU
		{F9F0A039-621F-44BA-BE3A-EDA0A1690EBB}.Test|Any CPU.Build.0 = Debug|Any CPU
		{AB95D438-12FE-48A2-BABF-2639BF81341B}.Debug|Any CPU.ActiveCfg = Debug|Any CPU
		{AB95D438-12FE-48A2-BABF-2639BF81341B}.Debug|Any CPU.Build.0 = Debug|Any CPU
		{AB95D438-12FE-48A2-BABF-2639BF81341B}.Release|Any CPU.ActiveCfg = Release|Any CPU
		{AB95D438-12FE-48A2-BABF-2639BF81341B}.Release|Any CPU.Build.0 = Release|Any CPU
		{AB95D438-12FE-48A2-BABF-2639BF81341B}.Test|Any CPU.ActiveCfg = Debug|Any CPU
		{AB95D438-12FE-48A2-BABF-2639BF81341B}.Test|Any CPU.Build.0 = Debug|Any CPU
	EndGlobalSection
	GlobalSection(SolutionProperties) = preSolution
		HideSolutionNode = FALSE
	EndGlobalSection
	GlobalSection(ExtensibilityGlobals) = postSolution
		SolutionGuid = {4BABA1D4-A8C2-4198-8C33-7D1FC4E8EBE8}
	EndGlobalSection
EndGlobal
